
Microsoft Visual Studio Solution File, Format Version 12.00
# Visual Studio Version 17
VisualStudioVersion = 17.9.34728.123
MinimumVisualStudioVersion = 10.0.40219.1
Project("{FAE04EC0-301F-11D3-BF4B-00C04F79EFBC}") = "ASM21", "ASM21\ASM21.csproj", "{55597541-4FEE-4AF6-8D10-81E7D032AB03}"
EndProject
Global
	GlobalSection(SolutionConfigurationPlatforms) = preSolution
		Debug|Any CPU = Debug|Any CPU
		Release|Any CPU = Release|Any CPU
	EndGlobalSection
	GlobalSection(ProjectConfigurationPlatforms) = postSolution
		{55597541-4FEE-4AF6-8D10-81E7D032AB03}.Debug|Any CPU.ActiveCfg = Debug|Any CPU
		{55597541-4FEE-4AF6-8D10-81E7D032AB03}.Debug|Any CPU.Build.0 = Debug|Any CPU
		{55597541-4FEE-4AF6-8D10-81E7D032AB03}.Release|Any CPU.ActiveCfg = Release|Any CPU
		{55597541-4FEE-4AF6-8D10-81E7D032AB03}.Release|Any CPU.Build.0 = Release|Any CPU
	EndGlobalSection
	GlobalSection(SolutionProperties) = preSolution
		HideSolutionNode = FALSE
	EndGlobalSection
	GlobalSection(ExtensibilityGlobals) = postSolution
		SolutionGuid = {37A3E907-11A8-4840-BCC8-EDAE3BA97114}
	EndGlobalSection
EndGlobal
